
Microsoft Visual Studio Solution File, Format Version 12.00
# Visual Studio Version 18
VisualStudioVersion = 18.0.11205.157
MinimumVisualStudioVersion = 10.0.40219.1
Project("{FAE04EC0-301F-11D3-BF4B-00C04F79EFBC}") = "Assign", "src\assign\Assign.csproj", "{423FF4A3-7B50-49E9-AFF8-FB07C9D91BB1}"
	ProjectSection(ProjectDependencies) = postProject
		{7AB6FD1F-89E1-4449-87A5-7F5A31D3F088} = {7AB6FD1F-89E1-4449-87A5-7F5A31D3F088}
	EndProjectSection
EndProject
Project("{FAE04EC0-301F-11D3-BF4B-00C04F79EFBC}") = "Mount", "src\mount\Mount.csproj", "{F3D17009-6099-40ED-9681-DEF4C21281E3}"
	ProjectSection(ProjectDependencies) = postProject
		{7AB6FD1F-89E1-4449-87A5-7F5A31D3F088} = {7AB6FD1F-89E1-4449-87A5-7F5A31D3F088}
	EndProjectSection
EndProject
Project("{FAE04EC0-301F-11D3-BF4B-00C04F79EFBC}") = "Mkfs", "src\mkfs\Mkfs.csproj", "{B0464DB5-6D1B-4DCE-ABDB-08B4E1F2BD84}"
	ProjectSection(ProjectDependencies) = postProject
		{7AB6FD1F-89E1-4449-87A5-7F5A31D3F088} = {7AB6FD1F-89E1-4449-87A5-7F5A31D3F088}
	EndProjectSection
EndProject
Project("{FAE04EC0-301F-11D3-BF4B-00C04F79EFBC}") = "Core", "src\core\Core.csproj", "{7AB6FD1F-89E1-4449-87A5-7F5A31D3F088}"
EndProject
Project("{2150E333-8FDC-42A3-9474-1A3956D46DE8}") = "src", "src", "{827E0CD3-B72D-47B6-A68D-7590B98EB39B}"
EndProject
Project("{2150E333-8FDC-42A3-9474-1A3956D46DE8}") = "dokan", "dokan", "{4F752432-1291-4ED5-B173-749D00C541E0}"
EndProject
Project("{FAE04EC0-301F-11D3-BF4B-00C04F79EFBC}") = "Dokan", "src\dokan\Dokan.csproj", "{902A33B3-898A-4F48-9860-8597D29CCB48}"
EndProject
Project("{2150E333-8FDC-42A3-9474-1A3956D46DE8}") = "fuse", "fuse", "{1A02C9C1-D930-B940-B935-1E8545FFB018}"
EndProject
Project("{FAE04EC0-301F-11D3-BF4B-00C04F79EFBC}") = "Fuse", "src\fuse\Fuse.csproj", "{6EDB9FB5-6266-43B4-A218-DCF8AC259633}"
EndProject
Project("{2150E333-8FDC-42A3-9474-1A3956D46DE8}") = "ctl", "ctl", "{53902483-9216-94C7-CD04-83784B0A0440}"
EndProject
Project("{FAE04EC0-301F-11D3-BF4B-00C04F79EFBC}") = "Ctl", "src\ctl\Ctl.csproj", "{2C19DBA0-BFFE-410F-A69B-71322C474080}"
EndProject
Project("{2150E333-8FDC-42A3-9474-1A3956D46DE8}") = "core", "core", "{8D626EA8-CB54-BC41-363A-217881BEBA6E}"
EndProject
Project("{2150E333-8FDC-42A3-9474-1A3956D46DE8}") = "gui", "gui", "{959DA961-515C-2AF9-5B2C-594145F24953}"
EndProject
Project("{FAE04EC0-301F-11D3-BF4B-00C04F79EFBC}") = "Gui", "src\gui\Gui.csproj", "{0C210921-2014-475A-BA60-68BB32716D3E}"
EndProject
Global
	GlobalSection(SolutionConfigurationPlatforms) = preSolution
		Debug|Any CPU = Debug|Any CPU
		Debug|x64 = Debug|x64
		Debug|x86 = Debug|x86
		Release|Any CPU = Release|Any CPU
		Release|x64 = Release|x64
		Release|x86 = Release|x86
	EndGlobalSection
	GlobalSection(ProjectConfigurationPlatforms) = postSolution
		{423FF4A3-7B50-49E9-AFF8-FB07C9D91BB1}.Debug|Any CPU.ActiveCfg = Debug|Any CPU
		{423FF4A3-7B50-49E9-AFF8-FB07C9D91BB1}.Debug|Any CPU.Build.0 = Debug|Any CPU
		{423FF4A3-7B50-49E9-AFF8-FB07C9D91BB1}.Debug|x64.ActiveCfg = Debug|Any CPU
		{423FF4A3-7B50-49E9-AFF8-FB07C9D91BB1}.Debug|x64.Build.0 = Debug|Any CPU
		{423FF4A3-7B50-49E9-AFF8-FB07C9D91BB1}.Debug|x86.ActiveCfg = Debug|Any CPU
		{423FF4A3-7B50-49E9-AFF8-FB07C9D91BB1}.Debug|x86.Build.0 = Debug|Any CPU
		{423FF4A3-7B50-49E9-AFF8-FB07C9D91BB1}.Release|Any CPU.ActiveCfg = Release|Any CPU
		{423FF4A3-7B50-49E9-AFF8-FB07C9D91BB1}.Release|Any CPU.Build.0 = Release|Any CPU
		{423FF4A3-7B50-49E9-AFF8-FB07C9D91BB1}.Release|x64.ActiveCfg = Release|Any CPU
		{423FF4A3-7B50-49E9-AFF8-FB07C9D91BB1}.Release|x64.Build.0 = Release|Any CPU
		{423FF4A3-7B50-49E9-AFF8-FB07C9D91BB1}.Release|x86.ActiveCfg = Release|Any CPU
		{423FF4A3-7B50-49E9-AFF8-FB07C9D91BB1}.Release|x86.Build.0 = Release|Any CPU
		{F3D17009-6099-40ED-9681-DEF4C21281E3}.Debug|Any CPU.ActiveCfg = Debug|Any CPU
		{F3D17009-6099-40ED-9681-DEF4C21281E3}.Debug|Any CPU.Build.0 = Debug|Any CPU
		{F3D17009-6099-40ED-9681-DEF4C21281E3}.Debug|x64.ActiveCfg = Debug|Any CPU
		{F3D17009-6099-40ED-9681-DEF4C21281E3}.Debug|x64.Build.0 = Debug|Any CPU
		{F3D17009-6099-40ED-9681-DEF4C21281E3}.Debug|x86.ActiveCfg = Debug|Any CPU
		{F3D17009-6099-40ED-9681-DEF4C21281E3}.Debug|x86.Build.0 = Debug|Any CPU
		{F3D17009-6099-40ED-9681-DEF4C21281E3}.Release|Any CPU.ActiveCfg = Release|Any CPU
		{F3D17009-6099-40ED-9681-DEF4C21281E3}.Release|Any CPU.Build.0 = Release|Any CPU
		{F3D17009-6099-40ED-9681-DEF4C21281E3}.Release|x64.ActiveCfg = Release|Any CPU
		{F3D17009-6099-40ED-9681-DEF4C21281E3}.Release|x64.Build.0 = Release|Any CPU
		{F3D17009-6099-40ED-9681-DEF4C21281E3}.Release|x86.ActiveCfg = Release|Any CPU
		{F3D17009-6099-40ED-9681-DEF4C21281E3}.Release|x86.Build.0 = Release|Any CPU
		{B0464DB5-6D1B-4DCE-ABDB-08B4E1F2BD84}.Debug|Any CPU.ActiveCfg = Debug|Any CPU
		{B0464DB5-6D1B-4DCE-ABDB-08B4E1F2BD84}.Debug|Any CPU.Build.0 = Debug|Any CPU
		{B0464DB5-6D1B-4DCE-ABDB-08B4E1F2BD84}.Debug|x64.ActiveCfg = Debug|Any CPU
		{B0464DB5-6D1B-4DCE-ABDB-08B4E1F2BD84}.Debug|x64.Build.0 = Debug|Any CPU
		{B0464DB5-6D1B-4DCE-ABDB-08B4E1F2BD84}.Debug|x86.ActiveCfg = Debug|Any CPU
		{B0464DB5-6D1B-4DCE-ABDB-08B4E1F2BD84}.Debug|x86.Build.0 = Debug|Any CPU
		{B0464DB5-6D1B-4DCE-ABDB-08B4E1F2BD84}.Release|Any CPU.ActiveCfg = Release|Any CPU
		{B0464DB5-6D1B-4DCE-ABDB-08B4E1F2BD84}.Release|Any CPU.Build.0 = Release|Any CPU
		{B0464DB5-6D1B-4DCE-ABDB-08B4E1F2BD84}.Release|x64.ActiveCfg = Release|Any CPU
		{B0464DB5-6D1B-4DCE-ABDB-08B4E1F2BD84}.Release|x64.Build.0 = Release|Any CPU
		{B0464DB5-6D1B-4DCE-ABDB-08B4E1F2BD84}.Release|x86.ActiveCfg = Release|Any CPU
		{B0464DB5-6D1B-4DCE-ABDB-08B4E1F2BD84}.Release|x86.Build.0 = Release|Any CPU
		{7AB6FD1F-89E1-4449-87A5-7F5A31D3F088}.Debug|Any CPU.ActiveCfg = Debug|Any CPU
		{7AB6FD1F-89E1-4449-87A5-7F5A31D3F088}.Debug|Any CPU.Build.0 = Debug|Any CPU
		{7AB6FD1F-89E1-4449-87A5-7F5A31D3F088}.Debug|x64.ActiveCfg = Debug|Any CPU
		{7AB6FD1F-89E1-4449-87A5-7F5A31D3F088}.Debug|x64.Build.0 = Debug|Any CPU
		{7AB6FD1F-89E1-4449-87A5-7F5A31D3F088}.Debug|x86.ActiveCfg = Debug|Any CPU
		{7AB6FD1F-89E1-4449-87A5-7F5A31D3F088}.Debug|x86.Build.0 = Debug|Any CPU
		{7AB6FD1F-89E1-4449-87A5-7F5A31D3F088}.Release|Any CPU.ActiveCfg = Release|Any CPU
		{7AB6FD1F-89E1-4449-87A5-7F5A31D3F088}.Release|Any CPU.Build.0 = Release|Any CPU
		{7AB6FD1F-89E1-4449-87A5-7F5A31D3F088}.Release|x64.ActiveCfg = Release|Any CPU
		{7AB6FD1F-89E1-4449-87A5-7F5A31D3F088}.Release|x64.Build.0 = Release|Any CPU
		{7AB6FD1F-89E1-4449-87A5-7F5A31D3F088}.Release|x86.ActiveCfg = Release|Any CPU
		{7AB6FD1F-89E1-4449-87A5-7F5A31D3F088}.Release|x86.Build.0 = Release|Any CPU
		{902A33B3-898A-4F48-9860-8597D29CCB48}.Debug|Any CPU.ActiveCfg = Debug|Any CPU
		{902A33B3-898A-4F48-9860-8597D29CCB48}.Debug|Any CPU.Build.0 = Debug|Any CPU
		{902A33B3-898A-4F48-9860-8597D29CCB48}.Debug|x64.ActiveCfg = Debug|Any CPU
		{902A33B3-898A-4F48-9860-8597D29CCB48}.Debug|x64.Build.0 = Debug|Any CPU
		{902A33B3-898A-4F48-9860-8597D29CCB48}.Debug|x86.ActiveCfg = Debug|Any CPU
		{902A33B3-898A-4F48-9860-8597D29CCB48}.Debug|x86.Build.0 = Debug|Any CPU
		{902A33B3-898A-4F48-9860-8597D29CCB48}.Release|Any CPU.ActiveCfg = Release|Any CPU
		{902A33B3-898A-4F48-9860-8597D29CCB48}.Release|Any CPU.Build.0 = Release|Any CPU
		{902A33B3-898A-4F48-9860-8597D29CCB48}.Release|x64.ActiveCfg = Release|Any CPU
		{902A33B3-898A-4F48-9860-8597D29CCB48}.Release|x64.Build.0 = Release|Any CPU
		{902A33B3-898A-4F48-9860-8597D29CCB48}.Release|x86.ActiveCfg = Release|Any CPU
		{902A33B3-898A-4F48-9860-8597D29CCB48}.Release|x86.Build.0 = Release|Any CPU
		{6EDB9FB5-6266-43B4-A218-DCF8AC259633}.Debug|Any CPU.ActiveCfg = Debug|Any CPU
		{6EDB9FB5-6266-43B4-A218-DCF8AC259633}.Debug|Any CPU.Build.0 = Debug|Any CPU
		{6EDB9FB5-6266-43B4-A218-DCF8AC259633}.Debug|x64.ActiveCfg = Debug|Any CPU
		{6EDB9FB5-6266-43B4-A218-DCF8AC259633}.Debug|x64.Build.0 = Debug|Any CPU
		{6EDB9FB5-6266-43B4-A218-DCF8AC259633}.Debug|x86.ActiveCfg = Debug|Any CPU
		{6EDB9FB5-6266-43B4-A218-DCF8AC259633}.Debug|x86.Build.0 = Debug|Any CPU
		{6EDB9FB5-6266-43B4-A218-DCF8AC259633}.Release|Any CPU.ActiveCfg = Release|Any CPU
		{6EDB9FB5-6266-43B4-A218-DCF8AC259633}.Release|Any CPU.Build.0 = Release|Any CPU
		{6EDB9FB5-6266-43B4-A218-DCF8AC259633}.Release|x64.ActiveCfg = Release|Any CPU
		{6EDB9FB5-6266-43B4-A218-DCF8AC259633}.Release|x64.Build.0 = Release|Any CPU
		{6EDB9FB5-6266-43B4-A218-DCF8AC259633}.Release|x86.ActiveCfg = Release|Any CPU
		{6EDB9FB5-6266-43B4-A218-DCF8AC259633}.Release|x86.Build.0 = Release|Any CPU
		{2C19DBA0-BFFE-410F-A69B-71322C474080}.Debug|Any CPU.ActiveCfg = Debug|Any CPU
		{2C19DBA0-BFFE-410F-A69B-71322C474080}.Debug|Any CPU.Build.0 = Debug|Any CPU
		{2C19DBA0-BFFE-410F-A69B-71322C474080}.Debug|x64.ActiveCfg = Debug|Any CPU
		{2C19DBA0-BFFE-410F-A69B-71322C474080}.Debug|x64.Build.0 = Debug|Any CPU
		{2C19DBA0-BFFE-410F-A69B-71322C474080}.Debug|x86.ActiveCfg = Debug|Any CPU
		{2C19DBA0-BFFE-410F-A69B-71322C474080}.Debug|x86.Build.0 = Debug|Any CPU
		{2C19DBA0-BFFE-410F-A69B-71322C474080}.Release|Any CPU.ActiveCfg = Release|Any CPU
		{2C19DBA0-BFFE-410F-A69B-71322C474080}.Release|Any CPU.Build.0 = Release|Any CPU
		{2C19DBA0-BFFE-410F-A69B-71322C474080}.Release|x64.ActiveCfg = Release|Any CPU
		{2C19DBA0-BFFE-410F-A69B-71322C474080}.Release|x64.Build.0 = Release|Any CPU
		{2C19DBA0-BFFE-410F-A69B-71322C474080}.Release|x86.ActiveCfg = Release|Any CPU
		{2C19DBA0-BFFE-410F-A69B-71322C474080}.Release|x86.Build.0 = Release|Any CPU
		{0C210921-2014-475A-BA60-68BB32716D3E}.Debug|Any CPU.ActiveCfg = Debug|Any CPU
		{0C210921-2014-475A-BA60-68BB32716D3E}.Debug|Any CPU.Build.0 = Debug|Any CPU
		{0C210921-2014-475A-BA60-68BB32716D3E}.Debug|x64.ActiveCfg = Debug|Any CPU
		{0C210921-2014-475A-BA60-68BB32716D3E}.Debug|x64.Build.0 = Debug|Any CPU
		{0C210921-2014-475A-BA60-68BB32716D3E}.Debug|x86.ActiveCfg = Debug|Any CPU
		{0C210921-2014-475A-BA60-68BB32716D3E}.Debug|x86.Build.0 = Debug|Any CPU
		{0C210921-2014-475A-BA60-68BB32716D3E}.Release|Any CPU.ActiveCfg = Release|Any CPU
		{0C210921-2014-475A-BA60-68BB32716D3E}.Release|Any CPU.Build.0 = Release|Any CPU
		{0C210921-2014-475A-BA60-68BB32716D3E}.Release|x64.ActiveCfg = Release|Any CPU
		{0C210921-2014-475A-BA60-68BB32716D3E}.Release|x64.Build.0 = Release|Any CPU
		{0C210921-2014-475A-BA60-68BB32716D3E}.Release|x86.ActiveCfg = Release|Any CPU
		{0C210921-2014-475A-BA60-68BB32716D3E}.Release|x86.Build.0 = Release|Any CPU
	EndGlobalSection
	GlobalSection(SolutionProperties) = preSolution
		HideSolutionNode = FALSE
	EndGlobalSection
	GlobalSection(NestedProjects) = preSolution
		{4F752432-1291-4ED5-B173-749D00C541E0} = {827E0CD3-B72D-47B6-A68D-7590B98EB39B}
		{902A33B3-898A-4F48-9860-8597D29CCB48} = {4F752432-1291-4ED5-B173-749D00C541E0}
		{1A02C9C1-D930-B940-B935-1E8545FFB018} = {827E0CD3-B72D-47B6-A68D-7590B98EB39B}
		{6EDB9FB5-6266-43B4-A218-DCF8AC259633} = {1A02C9C1-D930-B940-B935-1E8545FFB018}
		{53902483-9216-94C7-CD04-83784B0A0440} = {827E0CD3-B72D-47B6-A68D-7590B98EB39B}
		{2C19DBA0-BFFE-410F-A69B-71322C474080} = {53902483-9216-94C7-CD04-83784B0A0440}
		{8D626EA8-CB54-BC41-363A-217881BEBA6E} = {827E0CD3-B72D-47B6-A68D-7590B98EB39B}
		{959DA961-515C-2AF9-5B2C-594145F24953} = {827E0CD3-B72D-47B6-A68D-7590B98EB39B}
		{0C210921-2014-475A-BA60-68BB32716D3E} = {959DA961-515C-2AF9-5B2C-594145F24953}
	EndGlobalSection
	GlobalSection(ExtensibilityGlobals) = postSolution
		SolutionGuid = {D5CD792D-102A-4978-AD79-577B440492C8}
	EndGlobalSection
EndGlobal
